// !$*UTF8*$!
{
	archiveVersion = 1;
	classes = {
	};
	objectVersion = 50;
	objects = {

/* Begin PBXBuildFile section */
		8C53B675253E924600A3A7E4 /* AppDelegate.swift in Sources */ = {isa = PBXBuildFile; fileRef = 8C53B674253E924600A3A7E4 /* AppDelegate.swift */; };
		8C53B677253E924600A3A7E4 /* SceneDelegate.swift in Sources */ = {isa = PBXBuildFile; fileRef = 8C53B676253E924600A3A7E4 /* SceneDelegate.swift */; };
		8C53B679253E924600A3A7E4 /* ViewController.swift in Sources */ = {isa = PBXBuildFile; fileRef = 8C53B678253E924600A3A7E4 /* ViewController.swift */; };
		8C53B67E253E924700A3A7E4 /* Assets.xcassets in Resources */ = {isa = PBXBuildFile; fileRef = 8C53B67D253E924700A3A7E4 /* Assets.xcassets */; };
		8C53B681253E924700A3A7E4 /* LaunchScreen.storyboard in Resources */ = {isa = PBXBuildFile; fileRef = 8C53B67F253E924700A3A7E4 /* LaunchScreen.storyboard */; };
		8C53B68C253E924800A3A7E4 /* iBottaTestTests.swift in Sources */ = {isa = PBXBuildFile; fileRef = 8C53B68B253E924800A3A7E4 /* iBottaTestTests.swift */; };
		8C53B697253E92E500A3A7E4 /* File.swift in Sources */ = {isa = PBXBuildFile; fileRef = 8C53B696253E92E500A3A7E4 /* File.swift */; };
/* End PBXBuildFile section */

/* Begin PBXContainerItemProxy section */
		8C53B688253E924800A3A7E4 /* PBXContainerItemProxy */ = {
			isa = PBXContainerItemProxy;
			containerPortal = 8C53B669253E924600A3A7E4 /* Project object */;
			proxyType = 1;
			remoteGlobalIDString = 8C53B670253E924600A3A7E4;
			remoteInfo = iBottaTest;
		};
/* End PBXContainerItemProxy section */

/* Begin PBXFileReference section */
		8C53B671253E924600A3A7E4 /* iBottaTest.app */ = {isa = PBXFileReference; explicitFileType = wrapper.application; includeInIndex = 0; path = iBottaTest.app; sourceTree = BUILT_PRODUCTS_DIR; };
		8C53B674253E924600A3A7E4 /* AppDelegate.swift */ = {isa = PBXFileReference; lastKnownFileType = sourcecode.swift; path = AppDelegate.swift; sourceTree = "<group>"; };
		8C53B676253E924600A3A7E4 /* SceneDelegate.swift */ = {isa = PBXFileReference; lastKnownFileType = sourcecode.swift; path = SceneDelegate.swift; sourceTree = "<group>"; };
		8C53B678253E924600A3A7E4 /* ViewController.swift */ = {isa = PBXFileReference; lastKnownFileType = sourcecode.swift; path = ViewController.swift; sourceTree = "<group>"; };
		8C53B67D253E924700A3A7E4 /* Assets.xcassets */ = {isa = PBXFileReference; lastKnownFileType = folder.assetcatalog; path = Assets.xcassets; sourceTree = "<group>"; };
		8C53B680253E924700A3A7E4 /* Base */ = {isa = PBXFileReference; lastKnownFileType = file.storyboard; name = Base; path = Base.lproj/LaunchScreen.storyboard; sourceTree = "<group>"; };
		8C53B682253E924700A3A7E4 /* Info.plist */ = {isa = PBXFileReference; lastKnownFileType = text.plist.xml; path = Info.plist; sourceTree = "<group>"; };
		8C53B687253E924800A3A7E4 /* iBottaTestTests.xctest */ = {isa = PBXFileReference; explicitFileType = wrapper.cfbundle; includeInIndex = 0; path = iBottaTestTests.xctest; sourceTree = BUILT_PRODUCTS_DIR; };
		8C53B68B253E924800A3A7E4 /* iBottaTestTests.swift */ = {isa = PBXFileReference; lastKnownFileType = sourcecode.swift; path = iBottaTestTests.swift; sourceTree = "<group>"; };
		8C53B68D253E924800A3A7E4 /* Info.plist */ = {isa = PBXFileReference; lastKnownFileType = text.plist.xml; path = Info.plist; sourceTree = "<group>"; };
		8C53B696253E92E500A3A7E4 /* File.swift */ = {isa = PBXFileReference; lastKnownFileType = sourcecode.swift; path = File.swift; sourceTree = "<group>"; };
/* End PBXFileReference section */

/* Begin PBXFrameworksBuildPhase section */
		8C53B66E253E924600A3A7E4 /* Frameworks */ = {
			isa = PBXFrameworksBuildPhase;
			buildActionMask = 2147483647;
			files = (
			);
			runOnlyForDeploymentPostprocessing = 0;
		};
		8C53B684253E924800A3A7E4 /* Frameworks */ = {
			isa = PBXFrameworksBuildPhase;
			buildActionMask = 2147483647;
			files = (
			);
			runOnlyForDeploymentPostprocessing = 0;
		};
/* End PBXFrameworksBuildPhase section */

/* Begin PBXGroup section */
		8C53B668253E924600A3A7E4 = {
			isa = PBXGroup;
			children = (
				8C53B673253E924600A3A7E4 /* iBottaTest */,
				8C53B68A253E924800A3A7E4 /* iBottaTestTests */,
				8C53B672253E924600A3A7E4 /* Products */,
			);
			sourceTree = "<group>";
		};
		8C53B672253E924600A3A7E4 /* Products */ = {
			isa = PBXGroup;
			children = (
				8C53B671253E924600A3A7E4 /* iBottaTest.app */,
				8C53B687253E924800A3A7E4 /* iBottaTestTests.xctest */,
			);
			name = Products;
			sourceTree = "<group>";
		};
		8C53B673253E924600A3A7E4 /* iBottaTest */ = {
			isa = PBXGroup;
			children = (
				8C53B674253E924600A3A7E4 /* AppDelegate.swift */,
				8C53B676253E924600A3A7E4 /* SceneDelegate.swift */,
				8C53B678253E924600A3A7E4 /* ViewController.swift */,
				8C53B67D253E924700A3A7E4 /* Assets.xcassets */,
				8C53B67F253E924700A3A7E4 /* LaunchScreen.storyboard */,
				8C53B682253E924700A3A7E4 /* Info.plist */,
				8C53B696253E92E500A3A7E4 /* File.swift */,
			);
			path = iBottaTest;
			sourceTree = "<group>";
		};
		8C53B68A253E924800A3A7E4 /* iBottaTestTests */ = {
			isa = PBXGroup;
			children = (
				8C53B68B253E924800A3A7E4 /* iBottaTestTests.swift */,
				8C53B68D253E924800A3A7E4 /* Info.plist */,
			);
			path = iBottaTestTests;
			sourceTree = "<group>";
		};
/* End PBXGroup section */

/* Begin PBXNativeTarget section */
		8C53B670253E924600A3A7E4 /* iBottaTest */ = {
			isa = PBXNativeTarget;
			buildConfigurationList = 8C53B690253E924800A3A7E4 /* Build configuration list for PBXNativeTarget "iBottaTest" */;
			buildPhases = (
				8C53B66D253E924600A3A7E4 /* Sources */,
				8C53B66E253E924600A3A7E4 /* Frameworks */,
				8C53B66F253E924600A3A7E4 /* Resources */,
			);
			buildRules = (
			);
			dependencies = (
			);
			name = iBottaTest;
			productName = iBottaTest;
			productReference = 8C53B671253E924600A3A7E4 /* iBottaTest.app */;
			productType = "com.apple.product-type.application";
		};
		8C53B686253E924800A3A7E4 /* iBottaTestTests */ = {
			isa = PBXNativeTarget;
			buildConfigurationList = 8C53B693253E924800A3A7E4 /* Build configuration list for PBXNativeTarget "iBottaTestTests" */;
			buildPhases = (
				8C53B683253E924800A3A7E4 /* Sources */,
				8C53B684253E924800A3A7E4 /* Frameworks */,
				8C53B685253E924800A3A7E4 /* Resources */,
			);
			buildRules = (
			);
			dependencies = (
				8C53B689253E924800A3A7E4 /* PBXTargetDependency */,
			);
			name = iBottaTestTests;
			productName = iBottaTestTests;
			productReference = 8C53B687253E924800A3A7E4 /* iBottaTestTests.xctest */;
			productType = "com.apple.product-type.bundle.unit-test";
		};
/* End PBXNativeTarget section */

/* Begin PBXProject section */
		8C53B669253E924600A3A7E4 /* Project object */ = {
			isa = PBXProject;
			attributes = {
				LastSwiftUpdateCheck = 1150;
				LastUpgradeCheck = 1150;
				ORGANIZATIONNAME = "Tatsuya Moriguchi";
				TargetAttributes = {
					8C53B670253E924600A3A7E4 = {
						CreatedOnToolsVersion = 11.5;
					};
					8C53B686253E924800A3A7E4 = {
						CreatedOnToolsVersion = 11.5;
						TestTargetID = 8C53B670253E924600A3A7E4;
					};
				};
			};
			buildConfigurationList = 8C53B66C253E924600A3A7E4 /* Build configuration list for PBXProject "iBottaTest" */;
			compatibilityVersion = "Xcode 9.3";
			developmentRegion = en;
			hasScannedForEncodings = 0;
			knownRegions = (
				en,
				Base,
			);
			mainGroup = 8C53B668253E924600A3A7E4;
			productRefGroup = 8C53B672253E924600A3A7E4 /* Products */;
			projectDirPath = "";
			projectRoot = "";
			targets = (
				8C53B670253E924600A3A7E4 /* iBottaTest */,
				8C53B686253E924800A3A7E4 /* iBottaTestTests */,
			);
		};
/* End PBXProject section */

/* Begin PBXResourcesBuildPhase section */
		8C53B66F253E924600A3A7E4 /* Resources */ = {
			isa = PBXResourcesBuildPhase;
			buildActionMask = 2147483647;
			files = (
				8C53B681253E924700A3A7E4 /* LaunchScreen.storyboard in Resources */,
				8C53B67E253E924700A3A7E4 /* Assets.xcassets in Resources */,
			);
			runOnlyForDeploymentPostprocessing = 0;
		};
		8C53B685253E924800A3A7E4 /* Resources */ = {
			isa = PBXResourcesBuildPhase;
			buildActionMask = 2147483647;
			files = (
			);
			runOnlyForDeploymentPostprocessing = 0;
		};
/* End PBXResourcesBuildPhase section */

/* Begin PBXSourcesBuildPhase section */
		8C53B66D253E924600A3A7E4 /* Sources */ = {
			isa = PBXSourcesBuildPhase;
			buildActionMask = 2147483647;
			files = (
				8C53B679253E924600A3A7E4 /* ViewController.swift in Sources */,
				8C53B697253E92E500A3A7E4 /* File.swift in Sources */,
				8C53B675253E924600A3A7E4 /* AppDelegate.swift in Sources */,
				8C53B677253E924600A3A7E4 /* SceneDelegate.swift in Sources */,
			);
			runOnlyForDeploymentPostprocessing = 0;
		};
		8C53B683253E924800A3A7E4 /* Sources */ = {
			isa = PBXSourcesBuildPhase;
			buildActionMask = 2147483647;
			files = (
				8C53B68C253E924800A3A7E4 /* iBottaTestTests.swift in Sources */,
			);
			runOnlyForDeploymentPostprocessing = 0;
		};
/* End PBXSourcesBuildPhase section */

/* Begin PBXTargetDependency section */
		8C53B689253E924800A3A7E4 /* PBXTargetDependency */ = {
			isa = PBXTargetDependency;
			target = 8C53B670253E924600A3A7E4 /* iBottaTest */;
			targetProxy = 8C53B688253E924800A3A7E4 /* PBXContainerItemProxy */;
		};
/* End PBXTargetDependency section */

/* Begin PBXVariantGroup section */
		8C53B67F253E924700A3A7E4 /* LaunchScreen.storyboard */ = {
			isa = PBXVariantGroup;
			children = (
				8C53B680253E924700A3A7E4 /* Base */,
			);
			name = LaunchScreen.storyboard;
			sourceTree = "<group>";
		};
/* End PBXVariantGroup section */

/* Begin XCBuildConfiguration section */
		8C53B68E253E924800A3A7E4 /* Debug */ = {
			isa = XCBuildConfiguration;
			buildSettings = {
				ALWAYS_SEARCH_USER_PATHS = NO;
				CLANG_ANALYZER_NONNULL = YES;
				CLANG_ANALYZER_NUMBER_OBJECT_CONVERSION = YES_AGGRESSIVE;
				CLANG_CXX_LANGUAGE_STANDARD = "gnu++14";
				CLANG_CXX_LIBRARY = "libc++";
				CLANG_ENABLE_MODULES = YES;
				CLANG_ENABLE_OBJC_ARC = YES;
				CLANG_ENABLE_OBJC_WEAK = YES;
				CLANG_WARN_BLOCK_CAPTURE_AUTORELEASING = YES;
				CLANG_WARN_BOOL_CONVERSION = YES;
				CLANG_WARN_COMMA = YES;
				CLANG_WARN_CONSTANT_CONVERSION = YES;
				CLANG_WARN_DEPRECATED_OBJC_IMPLEMENTATIONS = YES;
				CLANG_WARN_DIRECT_OBJC_ISA_USAGE = YES_ERROR;
				CLANG_WARN_DOCUMENTATION_COMMENTS = YES;
				CLANG_WARN_EMPTY_BODY = YES;
				CLANG_WARN_ENUM_CONVERSION = YES;
				CLANG_WARN_INFINITE_RECURSION = YES;
				CLANG_WARN_INT_CONVERSION = YES;
				CLANG_WARN_NON_LITERAL_NULL_CONVERSION = YES;
				CLANG_WARN_OBJC_IMPLICIT_RETAIN_SELF = YES;
				CLANG_WARN_OBJC_LITERAL_CONVERSION = YES;
				CLANG_WARN_OBJC_ROOT_CLASS = YES_ERROR;
				CLANG_WARN_RANGE_LOOP_ANALYSIS = YES;
				CLANG_WARN_STRICT_PROTOTYPES = YES;
				CLANG_WARN_SUSPICIOUS_MOVE = YES;
				CLANG_WARN_UNGUARDED_AVAILABILITY = YES_AGGRESSIVE;
				CLANG_WARN_UNREACHABLE_CODE = YES;
				CLANG_WARN__DUPLICATE_METHOD_MATCH = YES;
				COPY_PHASE_STRIP = NO;
				DEBUG_INFORMATION_FORMAT = dwarf;
				ENABLE_STRICT_OBJC_MSGSEND = YES;
				ENABLE_TESTABILITY = YES;
				GCC_C_LANGUAGE_STANDARD = gnu11;
				GCC_DYNAMIC_NO_PIC = NO;
				GCC_NO_COMMON_BLOCKS = YES;
				GCC_OPTIMIZATION_LEVEL = 0;
				GCC_PREPROCESSOR_DEFINITIONS = (
					"DEBUG=1",
					"$(inherited)",
				);
				GCC_WARN_64_TO_32_BIT_CONVERSION = YES;
				GCC_WARN_ABOUT_RETURN_TYPE = YES_ERROR;
				GCC_WARN_UNDECLARED_SELECTOR = YES;
				GCC_WARN_UNINITIALIZED_AUTOS = YES_AGGRESSIVE;
				GCC_WARN_UNUSED_FUNCTION = YES;
				GCC_WARN_UNUSED_VARIABLE = YES;
				IPHONEOS_DEPLOYMENT_TARGET = 13.5;
				MTL_ENABLE_DEBUG_INFO = INCLUDE_SOURCE;
				MTL_FAST_MATH = YES;
				ONLY_ACTIVE_ARCH = YES;
				SDKROOT = iphoneos;
				SWIFT_ACTIVE_COMPILATION_CONDITIONS = DEBUG;
				SWIFT_OPTIMIZATION_LEVEL = "-Onone";
			};
			name = Debug;
		};
		8C53B68F253E924800A3A7E4 /* Release */ = {
			isa = XCBuildConfiguration;
			buildSettings = {
				ALWAYS_SEARCH_USER_PATHS = NO;
				CLANG_ANALYZER_NONNULL = YES;
				CLANG_ANALYZER_NUMBER_OBJECT_CONVERSION = YES_AGGRESSIVE;
				CLANG_CXX_LANGUAGE_STANDARD = "gnu++14";
				CLANG_CXX_LIBRARY = "libc++";
				CLANG_ENABLE_MODULES = YES;
				CLANG_ENABLE_OBJC_ARC = YES;
				CLANG_ENABLE_OBJC_WEAK = YES;
				CLANG_WARN_BLOCK_CAPTURE_AUTORELEASING = YES;
				CLANG_WARN_BOOL_CONVERSION = YES;
				CLANG_WARN_COMMA = YES;
				CLANG_WARN_CONSTANT_CONVERSION = YES;
				CLANG_WARN_DEPRECATED_OBJC_IMPLEMENTATIONS = YES;
				CLANG_WARN_DIRECT_OBJC_ISA_USAGE = YES_ERROR;
				CLANG_WARN_DOCUMENTATION_COMMENTS = YES;
				CLANG_WARN_EMPTY_BODY = YES;
				CLANG_WARN_ENUM_CONVERSION = YES;
				CLANG_WARN_INFINITE_RECURSION = YES;
				CLANG_WARN_INT_CONVERSION = YES;
				CLANG_WARN_NON_LITERAL_NULL_CONVERSION = YES;
				CLANG_WARN_OBJC_IMPLICIT_RETAIN_SELF = YES;
				CLANG_WARN_OBJC_LITERAL_CONVERSION = YES;
				CLANG_WARN_OBJC_ROOT_CLASS = YES_ERROR;
				CLANG_WARN_RANGE_LOOP_ANALYSIS = YES;
				CLANG_WARN_STRICT_PROTOTYPES = YES;
				CLANG_WARN_SUSPICIOUS_MOVE = YES;
				CLANG_WARN_UNGUARDED_AVAILABILITY = YES_AGGRESSIVE;
				CLANG_WARN_UNREACHABLE_CODE = YES;
				CLANG_WARN__DUPLICATE_METHOD_MATCH = YES;
				COPY_PHASE_STRIP = NO;
				DEBUG_INFORMATION_FORMAT = "dwarf-with-dsym";
				ENABLE_NS_ASSERTIONS = NO;
				ENABLE_STRICT_OBJC_MSGSEND = YES;
				GCC_C_LANGUAGE_STANDARD = gnu11;
				GCC_NO_COMMON_BLOCKS = YES;
				GCC_WARN_64_TO_32_BIT_CONVERSION = YES;
				GCC_WARN_ABOUT_RETURN_TYPE = YES_ERROR;
				GCC_WARN_UNDECLARED_SELECTOR = YES;
				GCC_WARN_UNINITIALIZED_AUTOS = YES_AGGRESSIVE;
				GCC_WARN_UNUSED_FUNCTION = YES;
				GCC_WARN_UNUSED_VARIABLE = YES;
				IPHONEOS_DEPLOYMENT_TARGET = 13.5;
				MTL_ENABLE_DEBUG_INFO = NO;
				MTL_FAST_MATH = YES;
				SDKROOT = iphoneos;
				SWIFT_COMPILATION_MODE = wholemodule;
				SWIFT_OPTIMIZATION_LEVEL = "-O";
				VALIDATE_PRODUCT = YES;
			};
			name = Release;
		};
		8C53B691253E924800A3A7E4 /* Debug */ = {
			isa = XCBuildConfiguration;
			buildSettings = {
				ASSETCATALOG_COMPILER_APPICON_NAME = AppIcon;
				CODE_SIGN_STYLE = Automatic;
				DEVELOPMENT_TEAM = GY7BG2G9TC;
				INFOPLIST_FILE = iBottaTest/Info.plist;
				LD_RUNPATH_SEARCH_PATHS = (
					"$(inherited)",
					"@executable_path/Frameworks",
				);
				PRODUCT_BUNDLE_IDENTIFIER = com.beckos.iBottaTest;
				PRODUCT_NAME = "$(TARGET_NAME)";
				SWIFT_VERSION = 5.0;
				TARGETED_DEVICE_FAMILY = 1;
			};
			name = Debug;
		};
		8C53B692253E924800A3A7E4 /* Release */ = {
			isa = XCBuildConfiguration;
			buildSettings = {
				ASSETCATALOG_COMPILER_APPICON_NAME = AppIcon;
				CODE_SIGN_STYLE = Automatic;
				DEVELOPMENT_TEAM = GY7BG2G9TC;
				INFOPLIST_FILE = iBottaTest/Info.plist;
				LD_RUNPATH_SEARCH_PATHS = (
					"$(inherited)",
					"@executable_path/Frameworks",
				);
				PRODUCT_BUNDLE_IDENTIFIER = com.beckos.iBottaTest;
				PRODUCT_NAME = "$(TARGET_NAME)";
				SWIFT_VERSION = 5.0;
				TARGETED_DEVICE_FAMILY = 1;
			};
			name = Release;
		};
		8C53B694253E924800A3A7E4 /* Debug */ = {
			isa = XCBuildConfiguration;
			buildSettings = {
				ALWAYS_EMBED_SWIFT_STANDARD_LIBRARIES = YES;
				BUNDLE_LOADER = "$(TEST_HOST)";
				CODE_SIGN_STYLE = Automatic;
				DEVELOPMENT_TEAM = GY7BG2G9TC;
				INFOPLIST_FILE = iBottaTestTests/Info.plist;
				IPHONEOS_DEPLOYMENT_TARGET = 13.5;
				LD_RUNPATH_SEARCH_PATHS = (
					"$(inherited)",
					"@executable_path/Frameworks",
					"@loader_path/Frameworks",
				);
				PRODUCT_BUNDLE_IDENTIFIER = com.beckos.iBottaTestTests;
				PRODUCT_NAME = "$(TARGET_NAME)";
				SWIFT_VERSION = 5.0;
				TARGETED_DEVICE_FAMILY = "1,2";
				TEST_HOST = "$(BUILT_PRODUCTS_DIR)/iBottaTest.app/iBottaTest";
			};
			name = Debug;
		};
		8C53B695253E924800A3A7E4 /* Release */ = {
			isa = XCBuildConfiguration;
			buildSettings = {
				ALWAYS_EMBED_SWIFT_STANDARD_LIBRARIES = YES;
				BUNDLE_LOADER = "$(TEST_HOST)";
				CODE_SIGN_STYLE = Automatic;
				DEVELOPMENT_TEAM = GY7BG2G9TC;
				INFOPLIST_FILE = iBottaTestTests/Info.plist;
				IPHONEOS_DEPLOYMENT_TARGET = 13.5;
				LD_RUNPATH_SEARCH_PATHS = (
					"$(inherited)",
					"@executable_path/Frameworks",
					"@loader_path/Frameworks",
				);
				PRODUCT_BUNDLE_IDENTIFIER = com.beckos.iBottaTestTests;
				PRODUCT_NAME = "$(TARGET_NAME)";
				SWIFT_VERSION = 5.0;
				TARGETED_DEVICE_FAMILY = "1,2";
				TEST_HOST = "$(BUILT_PRODUCTS_DIR)/iBottaTest.app/iBottaTest";
			};
			name = Release;
		};
/* End XCBuildConfiguration section */

/* Begin XCConfigurationList section */
		8C53B66C253E924600A3A7E4 /* Build configuration list for PBXProject "iBottaTest" */ = {
			isa = XCConfigurationList;
			buildConfigurations = (
				8C53B68E253E924800A3A7E4 /* Debug */,
				8C53B68F253E924800A3A7E4 /* Release */,
			);
			defaultConfigurationIsVisible = 0;
			defaultConfigurationName = Release;
		};
		8C53B690253E924800A3A7E4 /* Build configuration list for PBXNativeTarget "iBottaTest" */ = {
			isa = XCConfigurationList;
			buildConfigurations = (
				8C53B691253E924800A3A7E4 /* Debug */,
				8C53B692253E924800A3A7E4 /* Release */,
			);
			defaultConfigurationIsVisible = 0;
			defaultConfigurationName = Release;
		};
		8C53B693253E924800A3A7E4 /* Build configuration list for PBXNativeTarget "iBottaTestTests" */ = {
			isa = XCConfigurationList;
			buildConfigurations = (
				8C53B694253E924800A3A7E4 /* Debug */,
				8C53B695253E924800A3A7E4 /* Release */,
			);
			defaultConfigurationIsVisible = 0;
			defaultConfigurationName = Release;
		};
/* End XCConfigurationList section */
	};
	rootObject = 8C53B669253E924600A3A7E4 /* Project object */;
}
